
Microsoft Visual Studio Solution File, Format Version 12.00
# Visual Studio Version 17
VisualStudioVersion = 17.0.31912.275
MinimumVisualStudioVersion = 10.0.40219.1
Project("{9A19103F-16F7-4668-BE54-9A1E7A4F7556}") = "FindServiceHn.API", "FindServiceHn.API\FindServiceHn.API.csproj", "{802F33C7-C117-4B7E-8CF3-F8E7618BCBDA}"
EndProject
Project("{FAE04EC0-301F-11D3-BF4B-00C04F79EFBC}") = "FindServiceHN.Core", "FindServiceHN.Core\FindServiceHN.Core.csproj", "{CA2400FB-7F03-48AD-9D7A-78B79434FA41}"
EndProject
Project("{FAE04EC0-301F-11D3-BF4B-00C04F79EFBC}") = "FindServiceHn.Database", "FindServiceHn.Database\FindServiceHn.Database.csproj", "{12BFEE5C-449D-49B1-BF2A-37809D72D46E}"
EndProject
Global
	GlobalSection(SolutionConfigurationPlatforms) = preSolution
		Debug|Any CPU = Debug|Any CPU
		Release|Any CPU = Release|Any CPU
	EndGlobalSection
	GlobalSection(ProjectConfigurationPlatforms) = postSolution
		{802F33C7-C117-4B7E-8CF3-F8E7618BCBDA}.Debug|Any CPU.ActiveCfg = Debug|Any CPU
		{802F33C7-C117-4B7E-8CF3-F8E7618BCBDA}.Debug|Any CPU.Build.0 = Debug|Any CPU
		{802F33C7-C117-4B7E-8CF3-F8E7618BCBDA}.Release|Any CPU.ActiveCfg = Release|Any CPU
		{802F33C7-C117-4B7E-8CF3-F8E7618BCBDA}.Release|Any CPU.Build.0 = Release|Any CPU
		{CA2400FB-7F03-48AD-9D7A-78B79434FA41}.Debug|Any CPU.ActiveCfg = Debug|Any CPU
		{CA2400FB-7F03-48AD-9D7A-78B79434FA41}.Debug|Any CPU.Build.0 = Debug|Any CPU
		{CA2400FB-7F03-48AD-9D7A-78B79434FA41}.Release|Any CPU.ActiveCfg = Release|Any CPU
		{CA2400FB-7F03-48AD-9D7A-78B79434FA41}.Release|Any CPU.Build.0 = Release|Any CPU
		{12BFEE5C-449D-49B1-BF2A-37809D72D46E}.Debug|Any CPU.ActiveCfg = Debug|Any CPU
		{12BFEE5C-449D-49B1-BF2A-37809D72D46E}.Debug|Any CPU.Build.0 = Debug|Any CPU
		{12BFEE5C-449D-49B1-BF2A-37809D72D46E}.Release|Any CPU.ActiveCfg = Release|Any CPU
		{12BFEE5C-449D-49B1-BF2A-37809D72D46E}.Release|Any CPU.Build.0 = Release|Any CPU
	EndGlobalSection
	GlobalSection(SolutionProperties) = preSolution
		HideSolutionNode = FALSE
	EndGlobalSection
	GlobalSection(ExtensibilityGlobals) = postSolution
		SolutionGuid = {D2358316-91A4-4B40-A68A-C42A3D5CBD84}
	EndGlobalSection
EndGlobal
